// !$*UTF8*$!
{
	archiveVersion = 1;
	classes = {
	};
	objectVersion = 50;
	objects = {

/* Begin PBXBuildFile section */
		0974327C2675F63C00BCE8A8 /* AccoutViewModel.swift in Sources */ = {isa = PBXBuildFile; fileRef = 0974327B2675F63C00BCE8A8 /* AccoutViewModel.swift */; };
		0974327E267622FE00BCE8A8 /* String+Ext.swift in Sources */ = {isa = PBXBuildFile; fileRef = 0974327D267622FE00BCE8A8 /* String+Ext.swift */; };
		099EAF9926596355005656EC /* AppetizersApp.swift in Sources */ = {isa = PBXBuildFile; fileRef = 099EAF9826596355005656EC /* AppetizersApp.swift */; };
		099EAF9B26596355005656EC /* AppetizerTabView.swift in Sources */ = {isa = PBXBuildFile; fileRef = 099EAF9A26596355005656EC /* AppetizerTabView.swift */; };
		099EAF9D2659635B005656EC /* Assets.xcassets in Resources */ = {isa = PBXBuildFile; fileRef = 099EAF9C2659635B005656EC /* Assets.xcassets */; };
		099EAFA02659635B005656EC /* Preview Assets.xcassets in Resources */ = {isa = PBXBuildFile; fileRef = 099EAF9F2659635B005656EC /* Preview Assets.xcassets */; };
		099EAFA8265964AE005656EC /* AppetizerListView.swift in Sources */ = {isa = PBXBuildFile; fileRef = 099EAFA7265964AE005656EC /* AppetizerListView.swift */; };
		099EAFAA265964BE005656EC /* AccountView.swift in Sources */ = {isa = PBXBuildFile; fileRef = 099EAFA9265964BE005656EC /* AccountView.swift */; };
		099EAFAC265964D4005656EC /* OrderView.swift in Sources */ = {isa = PBXBuildFile; fileRef = 099EAFAB265964D4005656EC /* OrderView.swift */; };
		099EAFAE265A39D4005656EC /* Appetizer.swift in Sources */ = {isa = PBXBuildFile; fileRef = 099EAFAD265A39D3005656EC /* Appetizer.swift */; };
		099EAFB0265A486B005656EC /* AppetizerListCell.swift in Sources */ = {isa = PBXBuildFile; fileRef = 099EAFAF265A486B005656EC /* AppetizerListCell.swift */; };
		099EAFB2265A8902005656EC /* NetworkManager.swift in Sources */ = {isa = PBXBuildFile; fileRef = 099EAFB1265A8901005656EC /* NetworkManager.swift */; };
		099EAFB4265A89D0005656EC /* APError.swift in Sources */ = {isa = PBXBuildFile; fileRef = 099EAFB3265A89D0005656EC /* APError.swift */; };
		099EAFB6265BF4CD005656EC /* AppetizerListViewModel.swift in Sources */ = {isa = PBXBuildFile; fileRef = 099EAFB5265BF4CC005656EC /* AppetizerListViewModel.swift */; };
		099EAFB8265BFFCA005656EC /* Alert.swift in Sources */ = {isa = PBXBuildFile; fileRef = 099EAFB7265BFFCA005656EC /* Alert.swift */; };
		099EAFBA265D669B005656EC /* LoadingView.swift in Sources */ = {isa = PBXBuildFile; fileRef = 099EAFB9265D669B005656EC /* LoadingView.swift */; };
		09A309F12672A8D80048EEFC /* APButton.swift in Sources */ = {isa = PBXBuildFile; fileRef = 09A309F02672A8D80048EEFC /* APButton.swift */; };
		09A309F32672AA000048EEFC /* XDismissButton.swift in Sources */ = {isa = PBXBuildFile; fileRef = 09A309F22672AA000048EEFC /* XDismissButton.swift */; };
		09C8FD252663D8120067A2B7 /* Color+Ext.swift in Sources */ = {isa = PBXBuildFile; fileRef = 09C8FD242663D8120067A2B7 /* Color+Ext.swift */; };
		09C8FD27266551ED0067A2B7 /* RemoteImage.swift in Sources */ = {isa = PBXBuildFile; fileRef = 09C8FD26266551ED0067A2B7 /* RemoteImage.swift */; };
		09C8FD362665661A0067A2B7 /* AppetizerDetailView.swift in Sources */ = {isa = PBXBuildFile; fileRef = 09C8FD352665661A0067A2B7 /* AppetizerDetailView.swift */; };
/* End PBXBuildFile section */

/* Begin PBXFileReference section */
		0974327B2675F63C00BCE8A8 /* AccoutViewModel.swift */ = {isa = PBXFileReference; lastKnownFileType = sourcecode.swift; path = AccoutViewModel.swift; sourceTree = "<group>"; };
		0974327D267622FE00BCE8A8 /* String+Ext.swift */ = {isa = PBXFileReference; fileEncoding = 4; lastKnownFileType = sourcecode.swift; path = "String+Ext.swift"; sourceTree = "<group>"; };
		099EAF9526596355005656EC /* Appetizers.app */ = {isa = PBXFileReference; explicitFileType = wrapper.application; includeInIndex = 0; path = Appetizers.app; sourceTree = BUILT_PRODUCTS_DIR; };
		099EAF9826596355005656EC /* AppetizersApp.swift */ = {isa = PBXFileReference; lastKnownFileType = sourcecode.swift; path = AppetizersApp.swift; sourceTree = "<group>"; };
		099EAF9A26596355005656EC /* AppetizerTabView.swift */ = {isa = PBXFileReference; lastKnownFileType = sourcecode.swift; path = AppetizerTabView.swift; sourceTree = "<group>"; };
		099EAF9C2659635B005656EC /* Assets.xcassets */ = {isa = PBXFileReference; lastKnownFileType = folder.assetcatalog; path = Assets.xcassets; sourceTree = "<group>"; };
		099EAF9F2659635B005656EC /* Preview Assets.xcassets */ = {isa = PBXFileReference; lastKnownFileType = folder.assetcatalog; path = "Preview Assets.xcassets"; sourceTree = "<group>"; };
		099EAFA12659635B005656EC /* Info.plist */ = {isa = PBXFileReference; lastKnownFileType = text.plist.xml; path = Info.plist; sourceTree = "<group>"; };
		099EAFA7265964AE005656EC /* AppetizerListView.swift */ = {isa = PBXFileReference; lastKnownFileType = sourcecode.swift; path = AppetizerListView.swift; sourceTree = "<group>"; };
		099EAFA9265964BE005656EC /* AccountView.swift */ = {isa = PBXFileReference; lastKnownFileType = sourcecode.swift; path = AccountView.swift; sourceTree = "<group>"; };
		099EAFAB265964D4005656EC /* OrderView.swift */ = {isa = PBXFileReference; lastKnownFileType = sourcecode.swift; path = OrderView.swift; sourceTree = "<group>"; };
		099EAFAD265A39D3005656EC /* Appetizer.swift */ = {isa = PBXFileReference; lastKnownFileType = sourcecode.swift; path = Appetizer.swift; sourceTree = "<group>"; };
		099EAFAF265A486B005656EC /* AppetizerListCell.swift */ = {isa = PBXFileReference; lastKnownFileType = sourcecode.swift; path = AppetizerListCell.swift; sourceTree = "<group>"; };
		099EAFB1265A8901005656EC /* NetworkManager.swift */ = {isa = PBXFileReference; lastKnownFileType = sourcecode.swift; path = NetworkManager.swift; sourceTree = "<group>"; };
		099EAFB3265A89D0005656EC /* APError.swift */ = {isa = PBXFileReference; lastKnownFileType = sourcecode.swift; path = APError.swift; sourceTree = "<group>"; };
		099EAFB5265BF4CC005656EC /* AppetizerListViewModel.swift */ = {isa = PBXFileReference; lastKnownFileType = sourcecode.swift; path = AppetizerListViewModel.swift; sourceTree = "<group>"; };
		099EAFB7265BFFCA005656EC /* Alert.swift */ = {isa = PBXFileReference; lastKnownFileType = sourcecode.swift; path = Alert.swift; sourceTree = "<group>"; };
		099EAFB9265D669B005656EC /* LoadingView.swift */ = {isa = PBXFileReference; lastKnownFileType = sourcecode.swift; path = LoadingView.swift; sourceTree = "<group>"; };
		09A309F02672A8D80048EEFC /* APButton.swift */ = {isa = PBXFileReference; lastKnownFileType = sourcecode.swift; path = APButton.swift; sourceTree = "<group>"; };
		09A309F22672AA000048EEFC /* XDismissButton.swift */ = {isa = PBXFileReference; lastKnownFileType = sourcecode.swift; path = XDismissButton.swift; sourceTree = "<group>"; };
		09C8FD242663D8120067A2B7 /* Color+Ext.swift */ = {isa = PBXFileReference; lastKnownFileType = sourcecode.swift; path = "Color+Ext.swift"; sourceTree = "<group>"; };
		09C8FD26266551ED0067A2B7 /* RemoteImage.swift */ = {isa = PBXFileReference; lastKnownFileType = sourcecode.swift; path = RemoteImage.swift; sourceTree = "<group>"; };
		09C8FD352665661A0067A2B7 /* AppetizerDetailView.swift */ = {isa = PBXFileReference; lastKnownFileType = sourcecode.swift; path = AppetizerDetailView.swift; sourceTree = "<group>"; };
/* End PBXFileReference section */

/* Begin PBXFrameworksBuildPhase section */
		099EAF9226596355005656EC /* Frameworks */ = {
			isa = PBXFrameworksBuildPhase;
			buildActionMask = 2147483647;
			files = (
			);
			runOnlyForDeploymentPostprocessing = 0;
		};
/* End PBXFrameworksBuildPhase section */

/* Begin PBXGroup section */
		099EAF8C26596354005656EC = {
			isa = PBXGroup;
			children = (
				099EAF9726596355005656EC /* Appetizers */,
				099EAF9626596355005656EC /* Products */,
			);
			sourceTree = "<group>";
		};
		099EAF9626596355005656EC /* Products */ = {
			isa = PBXGroup;
			children = (
				099EAF9526596355005656EC /* Appetizers.app */,
			);
			name = Products;
			sourceTree = "<group>";
		};
		099EAF9726596355005656EC /* Appetizers */ = {
			isa = PBXGroup;
			children = (
				09C8FD31266560F60067A2B7 /* Views */,
				09C8FD2F2665608D0067A2B7 /* Utilities */,
				09C8FD2E266560770067A2B7 /* Model */,
				09C8FD2826655F9E0067A2B7 /* Screens */,
				099EAF9826596355005656EC /* AppetizersApp.swift */,
				099EAF9C2659635B005656EC /* Assets.xcassets */,
				099EAFA12659635B005656EC /* Info.plist */,
				099EAF9E2659635B005656EC /* Preview Content */,
				099EAFB9265D669B005656EC /* LoadingView.swift */,
			);
			path = Appetizers;
			sourceTree = "<group>";
		};
		099EAF9E2659635B005656EC /* Preview Content */ = {
			isa = PBXGroup;
			children = (
				099EAF9F2659635B005656EC /* Preview Assets.xcassets */,
			);
			path = "Preview Content";
			sourceTree = "<group>";
		};
		09A309EF2672A8B60048EEFC /* Buttons */ = {
			isa = PBXGroup;
			children = (
				09A309F02672A8D80048EEFC /* APButton.swift */,
				09A309F22672AA000048EEFC /* XDismissButton.swift */,
			);
			path = Buttons;
			sourceTree = "<group>";
		};
		09C8FD2826655F9E0067A2B7 /* Screens */ = {
			isa = PBXGroup;
			children = (
				09C8FD2B26655FC40067A2B7 /* AppetizerListView */,
				09C8FD2A26655FB40067A2B7 /* AccountView */,
				09C8FD2926655FA90067A2B7 /* OrderView */,
			);
			path = Screens;
			sourceTree = "<group>";
		};
		09C8FD2926655FA90067A2B7 /* OrderView */ = {
			isa = PBXGroup;
			children = (
				099EAFAB265964D4005656EC /* OrderView.swift */,
			);
			path = OrderView;
			sourceTree = "<group>";
		};
		09C8FD2A26655FB40067A2B7 /* AccountView */ = {
			isa = PBXGroup;
			children = (
				099EAFA9265964BE005656EC /* AccountView.swift */,
				0974327B2675F63C00BCE8A8 /* AccoutViewModel.swift */,
			);
			path = AccountView;
			sourceTree = "<group>";
		};
		09C8FD2B26655FC40067A2B7 /* AppetizerListView */ = {
			isa = PBXGroup;
			children = (
				099EAFB5265BF4CC005656EC /* AppetizerListViewModel.swift */,
				099EAFA7265964AE005656EC /* AppetizerListView.swift */,
				09C8FD352665661A0067A2B7 /* AppetizerDetailView.swift */,
			);
			name = AppetizerListView;
			sourceTree = "<group>";
		};
		09C8FD2C2665601C0067A2B7 /* Extensions */ = {
			isa = PBXGroup;
			children = (
				09C8FD242663D8120067A2B7 /* Color+Ext.swift */,
				0974327D267622FE00BCE8A8 /* String+Ext.swift */,
			);
			path = Extensions;
			sourceTree = "<group>";
		};
		09C8FD2D266560470067A2B7 /* Alerts */ = {
			isa = PBXGroup;
			children = (
				099EAFB7265BFFCA005656EC /* Alert.swift */,
				099EAFB3265A89D0005656EC /* APError.swift */,
			);
			path = Alerts;
			sourceTree = "<group>";
		};
		09C8FD2E266560770067A2B7 /* Model */ = {
			isa = PBXGroup;
			children = (
				099EAFAD265A39D3005656EC /* Appetizer.swift */,
			);
			path = Model;
			sourceTree = "<group>";
		};
		09C8FD2F2665608D0067A2B7 /* Utilities */ = {
			isa = PBXGroup;
			children = (
				09C8FD30266560BB0067A2B7 /* Managers */,
				09C8FD2C2665601C0067A2B7 /* Extensions */,
				09C8FD2D266560470067A2B7 /* Alerts */,
			);
			path = Utilities;
			sourceTree = "<group>";
		};
		09C8FD30266560BB0067A2B7 /* Managers */ = {
			isa = PBXGroup;
			children = (
				099EAFB1265A8901005656EC /* NetworkManager.swift */,
			);
			path = Managers;
			sourceTree = "<group>";
		};
		09C8FD31266560F60067A2B7 /* Views */ = {
			isa = PBXGroup;
			children = (
				09A309EF2672A8B60048EEFC /* Buttons */,
				09C8FD34266561320067A2B7 /* Image */,
				09C8FD33266561200067A2B7 /* Cells */,
				09C8FD32266561090067A2B7 /* UIKit Components */,
			);
			path = Views;
			sourceTree = "<group>";
		};
		09C8FD32266561090067A2B7 /* UIKit Components */ = {
			isa = PBXGroup;
			children = (
				099EAF9A26596355005656EC /* AppetizerTabView.swift */,
			);
			path = "UIKit Components";
			sourceTree = "<group>";
		};
		09C8FD33266561200067A2B7 /* Cells */ = {
			isa = PBXGroup;
			children = (
				099EAFAF265A486B005656EC /* AppetizerListCell.swift */,
			);
			path = Cells;
			sourceTree = "<group>";
		};
		09C8FD34266561320067A2B7 /* Image */ = {
			isa = PBXGroup;
			children = (
				09C8FD26266551ED0067A2B7 /* RemoteImage.swift */,
			);
			path = Image;
			sourceTree = "<group>";
		};
/* End PBXGroup section */

/* Begin PBXNativeTarget section */
		099EAF9426596355005656EC /* Appetizers */ = {
			isa = PBXNativeTarget;
			buildConfigurationList = 099EAFA42659635B005656EC /* Build configuration list for PBXNativeTarget "Appetizers" */;
			buildPhases = (
				099EAF9126596355005656EC /* Sources */,
				099EAF9226596355005656EC /* Frameworks */,
				099EAF9326596355005656EC /* Resources */,
			);
			buildRules = (
			);
			dependencies = (
			);
			name = Appetizers;
			productName = Appetizers;
			productReference = 099EAF9526596355005656EC /* Appetizers.app */;
			productType = "com.apple.product-type.application";
		};
/* End PBXNativeTarget section */

/* Begin PBXProject section */
		099EAF8D26596354005656EC /* Project object */ = {
			isa = PBXProject;
			attributes = {
				LastSwiftUpdateCheck = 1250;
				LastUpgradeCheck = 1250;
				TargetAttributes = {
					099EAF9426596355005656EC = {
						CreatedOnToolsVersion = 12.5;
					};
				};
			};
			buildConfigurationList = 099EAF9026596354005656EC /* Build configuration list for PBXProject "Appetizers" */;
			compatibilityVersion = "Xcode 9.3";
			developmentRegion = en;
			hasScannedForEncodings = 0;
			knownRegions = (
				en,
				Base,
			);
			mainGroup = 099EAF8C26596354005656EC;
			productRefGroup = 099EAF9626596355005656EC /* Products */;
			projectDirPath = "";
			projectRoot = "";
			targets = (
				099EAF9426596355005656EC /* Appetizers */,
			);
		};
/* End PBXProject section */

/* Begin PBXResourcesBuildPhase section */
		099EAF9326596355005656EC /* Resources */ = {
			isa = PBXResourcesBuildPhase;
			buildActionMask = 2147483647;
			files = (
				099EAFA02659635B005656EC /* Preview Assets.xcassets in Resources */,
				099EAF9D2659635B005656EC /* Assets.xcassets in Resources */,
			);
			runOnlyForDeploymentPostprocessing = 0;
		};
/* End PBXResourcesBuildPhase section */

/* Begin PBXSourcesBuildPhase section */
		099EAF9126596355005656EC /* Sources */ = {
			isa = PBXSourcesBuildPhase;
			buildActionMask = 2147483647;
			files = (
				099EAFAE265A39D4005656EC /* Appetizer.swift in Sources */,
				099EAFB4265A89D0005656EC /* APError.swift in Sources */,
				09A309F32672AA000048EEFC /* XDismissButton.swift in Sources */,
				099EAFBA265D669B005656EC /* LoadingView.swift in Sources */,
				0974327C2675F63C00BCE8A8 /* AccoutViewModel.swift in Sources */,
				099EAFB0265A486B005656EC /* AppetizerListCell.swift in Sources */,
				09C8FD252663D8120067A2B7 /* Color+Ext.swift in Sources */,
				099EAFAA265964BE005656EC /* AccountView.swift in Sources */,
				09A309F12672A8D80048EEFC /* APButton.swift in Sources */,
				099EAF9B26596355005656EC /* AppetizerTabView.swift in Sources */,
				099EAFB2265A8902005656EC /* NetworkManager.swift in Sources */,
				099EAFB6265BF4CD005656EC /* AppetizerListViewModel.swift in Sources */,
				09C8FD27266551ED0067A2B7 /* RemoteImage.swift in Sources */,
				0974327E267622FE00BCE8A8 /* String+Ext.swift in Sources */,
				09C8FD362665661A0067A2B7 /* AppetizerDetailView.swift in Sources */,
				099EAF9926596355005656EC /* AppetizersApp.swift in Sources */,
				099EAFB8265BFFCA005656EC /* Alert.swift in Sources */,
				099EAFA8265964AE005656EC /* AppetizerListView.swift in Sources */,
				099EAFAC265964D4005656EC /* OrderView.swift in Sources */,
			);
			runOnlyForDeploymentPostprocessing = 0;
		};
/* End PBXSourcesBuildPhase section */

/* Begin XCBuildConfiguration section */
		099EAFA22659635B005656EC /* Debug */ = {
			isa = XCBuildConfiguration;
			buildSettings = {
				ALWAYS_SEARCH_USER_PATHS = NO;
				CLANG_ANALYZER_NONNULL = YES;
				CLANG_ANALYZER_NUMBER_OBJECT_CONVERSION = YES_AGGRESSIVE;
				CLANG_CXX_LANGUAGE_STANDARD = "gnu++14";
				CLANG_CXX_LIBRARY = "libc++";
				CLANG_ENABLE_MODULES = YES;
				CLANG_ENABLE_OBJC_ARC = YES;
				CLANG_ENABLE_OBJC_WEAK = YES;
				CLANG_WARN_BLOCK_CAPTURE_AUTORELEASING = YES;
				CLANG_WARN_BOOL_CONVERSION = YES;
				CLANG_WARN_COMMA = YES;
				CLANG_WARN_CONSTANT_CONVERSION = YES;
				CLANG_WARN_DEPRECATED_OBJC_IMPLEMENTATIONS = YES;
				CLANG_WARN_DIRECT_OBJC_ISA_USAGE = YES_ERROR;
				CLANG_WARN_DOCUMENTATION_COMMENTS = YES;
				CLANG_WARN_EMPTY_BODY = YES;
				CLANG_WARN_ENUM_CONVERSION = YES;
				CLANG_WARN_INFINITE_RECURSION = YES;
				CLANG_WARN_INT_CONVERSION = YES;
				CLANG_WARN_NON_LITERAL_NULL_CONVERSION = YES;
				CLANG_WARN_OBJC_IMPLICIT_RETAIN_SELF = YES;
				CLANG_WARN_OBJC_LITERAL_CONVERSION = YES;
				CLANG_WARN_OBJC_ROOT_CLASS = YES_ERROR;
				CLANG_WARN_QUOTED_INCLUDE_IN_FRAMEWORK_HEADER = YES;
				CLANG_WARN_RANGE_LOOP_ANALYSIS = YES;
				CLANG_WARN_STRICT_PROTOTYPES = YES;
				CLANG_WARN_SUSPICIOUS_MOVE = YES;
				CLANG_WARN_UNGUARDED_AVAILABILITY = YES_AGGRESSIVE;
				CLANG_WARN_UNREACHABLE_CODE = YES;
				CLANG_WARN__DUPLICATE_METHOD_MATCH = YES;
				COPY_PHASE_STRIP = NO;
				DEBUG_INFORMATION_FORMAT = dwarf;
				ENABLE_STRICT_OBJC_MSGSEND = YES;
				ENABLE_TESTABILITY = YES;
				GCC_C_LANGUAGE_STANDARD = gnu11;
				GCC_DYNAMIC_NO_PIC = NO;
				GCC_NO_COMMON_BLOCKS = YES;
				GCC_OPTIMIZATION_LEVEL = 0;
				GCC_PREPROCESSOR_DEFINITIONS = (
					"DEBUG=1",
					"$(inherited)",
				);
				GCC_WARN_64_TO_32_BIT_CONVERSION = YES;
				GCC_WARN_ABOUT_RETURN_TYPE = YES_ERROR;
				GCC_WARN_UNDECLARED_SELECTOR = YES;
				GCC_WARN_UNINITIALIZED_AUTOS = YES_AGGRESSIVE;
				GCC_WARN_UNUSED_FUNCTION = YES;
				GCC_WARN_UNUSED_VARIABLE = YES;
				IPHONEOS_DEPLOYMENT_TARGET = 14.5;
				MTL_ENABLE_DEBUG_INFO = INCLUDE_SOURCE;
				MTL_FAST_MATH = YES;
				ONLY_ACTIVE_ARCH = YES;
				SDKROOT = iphoneos;
				SWIFT_ACTIVE_COMPILATION_CONDITIONS = DEBUG;
				SWIFT_OPTIMIZATION_LEVEL = "-Onone";
			};
			name = Debug;
		};
		099EAFA32659635B005656EC /* Release */ = {
			isa = XCBuildConfiguration;
			buildSettings = {
				ALWAYS_SEARCH_USER_PATHS = NO;
				CLANG_ANALYZER_NONNULL = YES;
				CLANG_ANALYZER_NUMBER_OBJECT_CONVERSION = YES_AGGRESSIVE;
				CLANG_CXX_LANGUAGE_STANDARD = "gnu++14";
				CLANG_CXX_LIBRARY = "libc++";
				CLANG_ENABLE_MODULES = YES;
				CLANG_ENABLE_OBJC_ARC = YES;
				CLANG_ENABLE_OBJC_WEAK = YES;
				CLANG_WARN_BLOCK_CAPTURE_AUTORELEASING = YES;
				CLANG_WARN_BOOL_CONVERSION = YES;
				CLANG_WARN_COMMA = YES;
				CLANG_WARN_CONSTANT_CONVERSION = YES;
				CLANG_WARN_DEPRECATED_OBJC_IMPLEMENTATIONS = YES;
				CLANG_WARN_DIRECT_OBJC_ISA_USAGE = YES_ERROR;
				CLANG_WARN_DOCUMENTATION_COMMENTS = YES;
				CLANG_WARN_EMPTY_BODY = YES;
				CLANG_WARN_ENUM_CONVERSION = YES;
				CLANG_WARN_INFINITE_RECURSION = YES;
				CLANG_WARN_INT_CONVERSION = YES;
				CLANG_WARN_NON_LITERAL_NULL_CONVERSION = YES;
				CLANG_WARN_OBJC_IMPLICIT_RETAIN_SELF = YES;
				CLANG_WARN_OBJC_LITERAL_CONVERSION = YES;
				CLANG_WARN_OBJC_ROOT_CLASS = YES_ERROR;
				CLANG_WARN_QUOTED_INCLUDE_IN_FRAMEWORK_HEADER = YES;
				CLANG_WARN_RANGE_LOOP_ANALYSIS = YES;
				CLANG_WARN_STRICT_PROTOTYPES = YES;
				CLANG_WARN_SUSPICIOUS_MOVE = YES;
				CLANG_WARN_UNGUARDED_AVAILABILITY = YES_AGGRESSIVE;
				CLANG_WARN_UNREACHABLE_CODE = YES;
				CLANG_WARN__DUPLICATE_METHOD_MATCH = YES;
				COPY_PHASE_STRIP = NO;
				DEBUG_INFORMATION_FORMAT = "dwarf-with-dsym";
				ENABLE_NS_ASSERTIONS = NO;
				ENABLE_STRICT_OBJC_MSGSEND = YES;
				GCC_C_LANGUAGE_STANDARD = gnu11;
				GCC_NO_COMMON_BLOCKS = YES;
				GCC_WARN_64_TO_32_BIT_CONVERSION = YES;
				GCC_WARN_ABOUT_RETURN_TYPE = YES_ERROR;
				GCC_WARN_UNDECLARED_SELECTOR = YES;
				GCC_WARN_UNINITIALIZED_AUTOS = YES_AGGRESSIVE;
				GCC_WARN_UNUSED_FUNCTION = YES;
				GCC_WARN_UNUSED_VARIABLE = YES;
				IPHONEOS_DEPLOYMENT_TARGET = 14.5;
				MTL_ENABLE_DEBUG_INFO = NO;
				MTL_FAST_MATH = YES;
				SDKROOT = iphoneos;
				SWIFT_COMPILATION_MODE = wholemodule;
				SWIFT_OPTIMIZATION_LEVEL = "-O";
				VALIDATE_PRODUCT = YES;
			};
			name = Release;
		};
		099EAFA52659635B005656EC /* Debug */ = {
			isa = XCBuildConfiguration;
			buildSettings = {
				ASSETCATALOG_COMPILER_APPICON_NAME = AppIcon;
				ASSETCATALOG_COMPILER_GLOBAL_ACCENT_COLOR_NAME = AccentColor;
				CODE_SIGN_STYLE = Automatic;
				DEVELOPMENT_ASSET_PATHS = "\"Appetizers/Preview Content\"";
				DEVELOPMENT_TEAM = 2A24H4FJ3Q;
				ENABLE_PREVIEWS = YES;
				INFOPLIST_FILE = Appetizers/Info.plist;
				IPHONEOS_DEPLOYMENT_TARGET = 14.0;
				LD_RUNPATH_SEARCH_PATHS = (
					"$(inherited)",
					"@executable_path/Frameworks",
				);
				PRODUCT_BUNDLE_IDENTIFIER = com.varadzin.Appetizers;
				PRODUCT_NAME = "$(TARGET_NAME)";
				SWIFT_VERSION = 5.0;
				TARGETED_DEVICE_FAMILY = "1,2";
			};
			name = Debug;
		};
		099EAFA62659635B005656EC /* Release */ = {
			isa = XCBuildConfiguration;
			buildSettings = {
				ASSETCATALOG_COMPILER_APPICON_NAME = AppIcon;
				ASSETCATALOG_COMPILER_GLOBAL_ACCENT_COLOR_NAME = AccentColor;
				CODE_SIGN_STYLE = Automatic;
				DEVELOPMENT_ASSET_PATHS = "\"Appetizers/Preview Content\"";
				DEVELOPMENT_TEAM = 2A24H4FJ3Q;
				ENABLE_PREVIEWS = YES;
				INFOPLIST_FILE = Appetizers/Info.plist;
				IPHONEOS_DEPLOYMENT_TARGET = 14.0;
				LD_RUNPATH_SEARCH_PATHS = (
					"$(inherited)",
					"@executable_path/Frameworks",
				);
				PRODUCT_BUNDLE_IDENTIFIER = com.varadzin.Appetizers;
				PRODUCT_NAME = "$(TARGET_NAME)";
				SWIFT_VERSION = 5.0;
				TARGETED_DEVICE_FAMILY = "1,2";
			};
			name = Release;
		};
/* End XCBuildConfiguration section */

/* Begin XCConfigurationList section */
		099EAF9026596354005656EC /* Build configuration list for PBXProject "Appetizers" */ = {
			isa = XCConfigurationList;
			buildConfigurations = (
				099EAFA22659635B005656EC /* Debug */,
				099EAFA32659635B005656EC /* Release */,
			);
			defaultConfigurationIsVisible = 0;
			defaultConfigurationName = Release;
		};
		099EAFA42659635B005656EC /* Build configuration list for PBXNativeTarget "Appetizers" */ = {
			isa = XCConfigurationList;
			buildConfigurations = (
				099EAFA52659635B005656EC /* Debug */,
				099EAFA62659635B005656EC /* Release */,
			);
			defaultConfigurationIsVisible = 0;
			defaultConfigurationName = Release;
		};
/* End XCConfigurationList section */
	};
	rootObject = 099EAF8D26596354005656EC /* Project object */;
}
